{
  "name": "static",
  "lockfileVersion": 3,
  "requires": true,
  "packages": {
    "": {
      "dependencies": {
        "hslayers-ng-app": "^10.0.0"
      }
    },
    "node_modules/hslayers-ng-app": {
      "version": "10.0.0",
      "resolved": "https://registry.npmjs.org/hslayers-ng-app/-/hslayers-ng-app-10.0.0.tgz",
      "integrity": "sha512-sOpsgdMamxgdWJBz3bj1/Ikw6+T2SbMEQsbBbNcqbEctLoJaD1SK80qC3klGScjbltNr7k5UikjvwrLmCwDiQQ=="
    }
  }
}
